// !$*UTF8*$!
{
	archiveVersion = 1;
	classes = {
	};
	objectVersion = 56;
	objects = {

/* Begin PBXBuildFile section */
		48C10FA02ABE92C8002392D0 /* ShiyetApp.swift in Sources */ = {isa = PBXBuildFile; fileRef = 48C10F9F2ABE92C8002392D0 /* ShiyetApp.swift */; };
		48C10FA22ABE92C8002392D0 /* ContentView.swift in Sources */ = {isa = PBXBuildFile; fileRef = 48C10FA12ABE92C8002392D0 /* ContentView.swift */; };
		48C10FA42ABE92C9002392D0 /* Assets.xcassets in Resources */ = {isa = PBXBuildFile; fileRef = 48C10FA32ABE92C9002392D0 /* Assets.xcassets */; };
		48C10FA82ABE92C9002392D0 /* Preview Assets.xcassets in Resources */ = {isa = PBXBuildFile; fileRef = 48C10FA72ABE92C9002392D0 /* Preview Assets.xcassets */; };
		48C10FB22ABE92C9002392D0 /* ShiyetTests.swift in Sources */ = {isa = PBXBuildFile; fileRef = 48C10FB12ABE92C9002392D0 /* ShiyetTests.swift */; };
		48C10FBC2ABE92C9002392D0 /* ShiyetUITests.swift in Sources */ = {isa = PBXBuildFile; fileRef = 48C10FBB2ABE92C9002392D0 /* ShiyetUITests.swift */; };
		48C10FBE2ABE92C9002392D0 /* ShiyetUITestsLaunchTests.swift in Sources */ = {isa = PBXBuildFile; fileRef = 48C10FBD2ABE92C9002392D0 /* ShiyetUITestsLaunchTests.swift */; };
/* End PBXBuildFile section */

/* Begin PBXContainerItemProxy section */
		48C10FAE2ABE92C9002392D0 /* PBXContainerItemProxy */ = {
			isa = PBXContainerItemProxy;
			containerPortal = 48C10F942ABE92C8002392D0 /* Project object */;
			proxyType = 1;
			remoteGlobalIDString = 48C10F9B2ABE92C8002392D0;
			remoteInfo = Shiyet;
		};
		48C10FB82ABE92C9002392D0 /* PBXContainerItemProxy */ = {
			isa = PBXContainerItemProxy;
			containerPortal = 48C10F942ABE92C8002392D0 /* Project object */;
			proxyType = 1;
			remoteGlobalIDString = 48C10F9B2ABE92C8002392D0;
			remoteInfo = Shiyet;
		};
/* End PBXContainerItemProxy section */

/* Begin PBXFileReference section */
		48C10F9C2ABE92C8002392D0 /* Shiyet.app */ = {isa = PBXFileReference; explicitFileType = wrapper.application; includeInIndex = 0; path = Shiyet.app; sourceTree = BUILT_PRODUCTS_DIR; };
		48C10F9F2ABE92C8002392D0 /* ShiyetApp.swift */ = {isa = PBXFileReference; lastKnownFileType = sourcecode.swift; path = ShiyetApp.swift; sourceTree = "<group>"; };
		48C10FA12ABE92C8002392D0 /* ContentView.swift */ = {isa = PBXFileReference; lastKnownFileType = sourcecode.swift; path = ContentView.swift; sourceTree = "<group>"; };
		48C10FA32ABE92C9002392D0 /* Assets.xcassets */ = {isa = PBXFileReference; lastKnownFileType = folder.assetcatalog; path = Assets.xcassets; sourceTree = "<group>"; };
		48C10FA52ABE92C9002392D0 /* Shiyet.entitlements */ = {isa = PBXFileReference; lastKnownFileType = text.plist.entitlements; path = Shiyet.entitlements; sourceTree = "<group>"; };
		48C10FA72ABE92C9002392D0 /* Preview Assets.xcassets */ = {isa = PBXFileReference; lastKnownFileType = folder.assetcatalog; path = "Preview Assets.xcassets"; sourceTree = "<group>"; };
		48C10FAD2ABE92C9002392D0 /* ShiyetTests.xctest */ = {isa = PBXFileReference; explicitFileType = wrapper.cfbundle; includeInIndex = 0; path = ShiyetTests.xctest; sourceTree = BUILT_PRODUCTS_DIR; };
		48C10FB12ABE92C9002392D0 /* ShiyetTests.swift */ = {isa = PBXFileReference; lastKnownFileType = sourcecode.swift; path = ShiyetTests.swift; sourceTree = "<group>"; };
		48C10FB72ABE92C9002392D0 /* ShiyetUITests.xctest */ = {isa = PBXFileReference; explicitFileType = wrapper.cfbundle; includeInIndex = 0; path = ShiyetUITests.xctest; sourceTree = BUILT_PRODUCTS_DIR; };
		48C10FBB2ABE92C9002392D0 /* ShiyetUITests.swift */ = {isa = PBXFileReference; lastKnownFileType = sourcecode.swift; path = ShiyetUITests.swift; sourceTree = "<group>"; };
		48C10FBD2ABE92C9002392D0 /* ShiyetUITestsLaunchTests.swift */ = {isa = PBXFileReference; lastKnownFileType = sourcecode.swift; path = ShiyetUITestsLaunchTests.swift; sourceTree = "<group>"; };
/* End PBXFileReference section */

/* Begin PBXFrameworksBuildPhase section */
		48C10F992ABE92C8002392D0 /* Frameworks */ = {
			isa = PBXFrameworksBuildPhase;
			buildActionMask = 2147483647;
			files = (
			);
			runOnlyForDeploymentPostprocessing = 0;
		};
		48C10FAA2ABE92C9002392D0 /* Frameworks */ = {
			isa = PBXFrameworksBuildPhase;
			buildActionMask = 2147483647;
			files = (
			);
			runOnlyForDeploymentPostprocessing = 0;
		};
		48C10FB42ABE92C9002392D0 /* Frameworks */ = {
			isa = PBXFrameworksBuildPhase;
			buildActionMask = 2147483647;
			files = (
			);
			runOnlyForDeploymentPostprocessing = 0;
		};
/* End PBXFrameworksBuildPhase section */

/* Begin PBXGroup section */
		48C10F932ABE92C8002392D0 = {
			isa = PBXGroup;
			children = (
				48C10F9E2ABE92C8002392D0 /* Shiyet */,
				48C10FB02ABE92C9002392D0 /* ShiyetTests */,
				48C10FBA2ABE92C9002392D0 /* ShiyetUITests */,
				48C10F9D2ABE92C8002392D0 /* Products */,
			);
			sourceTree = "<group>";
		};
		48C10F9D2ABE92C8002392D0 /* Products */ = {
			isa = PBXGroup;
			children = (
				48C10F9C2ABE92C8002392D0 /* Shiyet.app */,
				48C10FAD2ABE92C9002392D0 /* ShiyetTests.xctest */,
				48C10FB72ABE92C9002392D0 /* ShiyetUITests.xctest */,
			);
			name = Products;
			sourceTree = "<group>";
		};
		48C10F9E2ABE92C8002392D0 /* Shiyet */ = {
			isa = PBXGroup;
			children = (
				48C10F9F2ABE92C8002392D0 /* ShiyetApp.swift */,
				48C10FA12ABE92C8002392D0 /* ContentView.swift */,
				48C10FA32ABE92C9002392D0 /* Assets.xcassets */,
				48C10FA52ABE92C9002392D0 /* Shiyet.entitlements */,
				48C10FA62ABE92C9002392D0 /* Preview Content */,
			);
			path = Shiyet;
			sourceTree = "<group>";
		};
		48C10FA62ABE92C9002392D0 /* Preview Content */ = {
			isa = PBXGroup;
			children = (
				48C10FA72ABE92C9002392D0 /* Preview Assets.xcassets */,
			);
			path = "Preview Content";
			sourceTree = "<group>";
		};
		48C10FB02ABE92C9002392D0 /* ShiyetTests */ = {
			isa = PBXGroup;
			children = (
				48C10FB12ABE92C9002392D0 /* ShiyetTests.swift */,
			);
			path = ShiyetTests;
			sourceTree = "<group>";
		};
		48C10FBA2ABE92C9002392D0 /* ShiyetUITests */ = {
			isa = PBXGroup;
			children = (
				48C10FBB2ABE92C9002392D0 /* ShiyetUITests.swift */,
				48C10FBD2ABE92C9002392D0 /* ShiyetUITestsLaunchTests.swift */,
			);
			path = ShiyetUITests;
			sourceTree = "<group>";
		};
/* End PBXGroup section */

/* Begin PBXNativeTarget section */
		48C10F9B2ABE92C8002392D0 /* Shiyet */ = {
			isa = PBXNativeTarget;
			buildConfigurationList = 48C10FC12ABE92C9002392D0 /* Build configuration list for PBXNativeTarget "Shiyet" */;
			buildPhases = (
				48C10F982ABE92C8002392D0 /* Sources */,
				48C10F992ABE92C8002392D0 /* Frameworks */,
				48C10F9A2ABE92C8002392D0 /* Resources */,
			);
			buildRules = (
			);
			dependencies = (
			);
			name = Shiyet;
			productName = Shiyet;
			productReference = 48C10F9C2ABE92C8002392D0 /* Shiyet.app */;
			productType = "com.apple.product-type.application";
		};
		48C10FAC2ABE92C9002392D0 /* ShiyetTests */ = {
			isa = PBXNativeTarget;
			buildConfigurationList = 48C10FC42ABE92C9002392D0 /* Build configuration list for PBXNativeTarget "ShiyetTests" */;
			buildPhases = (
				48C10FA92ABE92C9002392D0 /* Sources */,
				48C10FAA2ABE92C9002392D0 /* Frameworks */,
				48C10FAB2ABE92C9002392D0 /* Resources */,
			);
			buildRules = (
			);
			dependencies = (
				48C10FAF2ABE92C9002392D0 /* PBXTargetDependency */,
			);
			name = ShiyetTests;
			productName = ShiyetTests;
			productReference = 48C10FAD2ABE92C9002392D0 /* ShiyetTests.xctest */;
			productType = "com.apple.product-type.bundle.unit-test";
		};
		48C10FB62ABE92C9002392D0 /* ShiyetUITests */ = {
			isa = PBXNativeTarget;
			buildConfigurationList = 48C10FC72ABE92C9002392D0 /* Build configuration list for PBXNativeTarget "ShiyetUITests" */;
			buildPhases = (
				48C10FB32ABE92C9002392D0 /* Sources */,
				48C10FB42ABE92C9002392D0 /* Frameworks */,
				48C10FB52ABE92C9002392D0 /* Resources */,
			);
			buildRules = (
			);
			dependencies = (
				48C10FB92ABE92C9002392D0 /* PBXTargetDependency */,
			);
			name = ShiyetUITests;
			productName = ShiyetUITests;
			productReference = 48C10FB72ABE92C9002392D0 /* ShiyetUITests.xctest */;
			productType = "com.apple.product-type.bundle.ui-testing";
		};
/* End PBXNativeTarget section */

/* Begin PBXProject section */
		48C10F942ABE92C8002392D0 /* Project object */ = {
			isa = PBXProject;
			attributes = {
				BuildIndependentTargetsInParallel = 1;
				LastSwiftUpdateCheck = 1430;
				LastUpgradeCheck = 1430;
				TargetAttributes = {
					48C10F9B2ABE92C8002392D0 = {
						CreatedOnToolsVersion = 14.3.1;
					};
					48C10FAC2ABE92C9002392D0 = {
						CreatedOnToolsVersion = 14.3.1;
						TestTargetID = 48C10F9B2ABE92C8002392D0;
					};
					48C10FB62ABE92C9002392D0 = {
						CreatedOnToolsVersion = 14.3.1;
						TestTargetID = 48C10F9B2ABE92C8002392D0;
					};
				};
			};
			buildConfigurationList = 48C10F972ABE92C8002392D0 /* Build configuration list for PBXProject "Shiyet" */;
			compatibilityVersion = "Xcode 14.0";
			developmentRegion = en;
			hasScannedForEncodings = 0;
			knownRegions = (
				en,
				Base,
			);
			mainGroup = 48C10F932ABE92C8002392D0;
			productRefGroup = 48C10F9D2ABE92C8002392D0 /* Products */;
			projectDirPath = "";
			projectRoot = "";
			targets = (
				48C10F9B2ABE92C8002392D0 /* Shiyet */,
				48C10FAC2ABE92C9002392D0 /* ShiyetTests */,
				48C10FB62ABE92C9002392D0 /* ShiyetUITests */,
			);
		};
/* End PBXProject section */

/* Begin PBXResourcesBuildPhase section */
		48C10F9A2ABE92C8002392D0 /* Resources */ = {
			isa = PBXResourcesBuildPhase;
			buildActionMask = 2147483647;
			files = (
				48C10FA82ABE92C9002392D0 /* Preview Assets.xcassets in Resources */,
				48C10FA42ABE92C9002392D0 /* Assets.xcassets in Resources */,
			);
			runOnlyForDeploymentPostprocessing = 0;
		};
		48C10FAB2ABE92C9002392D0 /* Resources */ = {
			isa = PBXResourcesBuildPhase;
			buildActionMask = 2147483647;
			files = (
			);
			runOnlyForDeploymentPostprocessing = 0;
		};
		48C10FB52ABE92C9002392D0 /* Resources */ = {
			isa = PBXResourcesBuildPhase;
			buildActionMask = 2147483647;
			files = (
			);
			runOnlyForDeploymentPostprocessing = 0;
		};
/* End PBXResourcesBuildPhase section */

/* Begin PBXSourcesBuildPhase section */
		48C10F982ABE92C8002392D0 /* Sources */ = {
			isa = PBXSourcesBuildPhase;
			buildActionMask = 2147483647;
			files = (
				48C10FA22ABE92C8002392D0 /* ContentView.swift in Sources */,
				48C10FA02ABE92C8002392D0 /* ShiyetApp.swift in Sources */,
			);
			runOnlyForDeploymentPostprocessing = 0;
		};
		48C10FA92ABE92C9002392D0 /* Sources */ = {
			isa = PBXSourcesBuildPhase;
			buildActionMask = 2147483647;
			files = (
				48C10FB22ABE92C9002392D0 /* ShiyetTests.swift in Sources */,
			);
			runOnlyForDeploymentPostprocessing = 0;
		};
		48C10FB32ABE92C9002392D0 /* Sources */ = {
			isa = PBXSourcesBuildPhase;
			buildActionMask = 2147483647;
			files = (
				48C10FBE2ABE92C9002392D0 /* ShiyetUITestsLaunchTests.swift in Sources */,
				48C10FBC2ABE92C9002392D0 /* ShiyetUITests.swift in Sources */,
			);
			runOnlyForDeploymentPostprocessing = 0;
		};
/* End PBXSourcesBuildPhase section */

/* Begin PBXTargetDependency section */
		48C10FAF2ABE92C9002392D0 /* PBXTargetDependency */ = {
			isa = PBXTargetDependency;
			target = 48C10F9B2ABE92C8002392D0 /* Shiyet */;
			targetProxy = 48C10FAE2ABE92C9002392D0 /* PBXContainerItemProxy */;
		};
		48C10FB92ABE92C9002392D0 /* PBXTargetDependency */ = {
			isa = PBXTargetDependency;
			target = 48C10F9B2ABE92C8002392D0 /* Shiyet */;
			targetProxy = 48C10FB82ABE92C9002392D0 /* PBXContainerItemProxy */;
		};
/* End PBXTargetDependency section */

/* Begin XCBuildConfiguration section */
		48C10FBF2ABE92C9002392D0 /* Debug */ = {
			isa = XCBuildConfiguration;
			buildSettings = {
				ALWAYS_SEARCH_USER_PATHS = NO;
				CLANG_ANALYZER_NONNULL = YES;
				CLANG_ANALYZER_NUMBER_OBJECT_CONVERSION = YES_AGGRESSIVE;
				CLANG_CXX_LANGUAGE_STANDARD = "gnu++20";
				CLANG_ENABLE_MODULES = YES;
				CLANG_ENABLE_OBJC_ARC = YES;
				CLANG_ENABLE_OBJC_WEAK = YES;
				CLANG_WARN_BLOCK_CAPTURE_AUTORELEASING = YES;
				CLANG_WARN_BOOL_CONVERSION = YES;
				CLANG_WARN_COMMA = YES;
				CLANG_WARN_CONSTANT_CONVERSION = YES;
				CLANG_WARN_DEPRECATED_OBJC_IMPLEMENTATIONS = YES;
				CLANG_WARN_DIRECT_OBJC_ISA_USAGE = YES_ERROR;
				CLANG_WARN_DOCUMENTATION_COMMENTS = YES;
				CLANG_WARN_EMPTY_BODY = YES;
				CLANG_WARN_ENUM_CONVERSION = YES;
				CLANG_WARN_INFINITE_RECURSION = YES;
				CLANG_WARN_INT_CONVERSION = YES;
				CLANG_WARN_NON_LITERAL_NULL_CONVERSION = YES;
				CLANG_WARN_OBJC_IMPLICIT_RETAIN_SELF = YES;
				CLANG_WARN_OBJC_LITERAL_CONVERSION = YES;
				CLANG_WARN_OBJC_ROOT_CLASS = YES_ERROR;
				CLANG_WARN_QUOTED_INCLUDE_IN_FRAMEWORK_HEADER = YES;
				CLANG_WARN_RANGE_LOOP_ANALYSIS = YES;
				CLANG_WARN_STRICT_PROTOTYPES = YES;
				CLANG_WARN_SUSPICIOUS_MOVE = YES;
				CLANG_WARN_UNGUARDED_AVAILABILITY = YES_AGGRESSIVE;
				CLANG_WARN_UNREACHABLE_CODE = YES;
				CLANG_WARN__DUPLICATE_METHOD_MATCH = YES;
				COPY_PHASE_STRIP = NO;
				DEBUG_INFORMATION_FORMAT = dwarf;
				ENABLE_STRICT_OBJC_MSGSEND = YES;
				ENABLE_TESTABILITY = YES;
				GCC_C_LANGUAGE_STANDARD = gnu11;
				GCC_DYNAMIC_NO_PIC = NO;
				GCC_NO_COMMON_BLOCKS = YES;
				GCC_OPTIMIZATION_LEVEL = 0;
				GCC_PREPROCESSOR_DEFINITIONS = (
					"DEBUG=1",
					"$(inherited)",
				);
				GCC_WARN_64_TO_32_BIT_CONVERSION = YES;
				GCC_WARN_ABOUT_RETURN_TYPE = YES_ERROR;
				GCC_WARN_UNDECLARED_SELECTOR = YES;
				GCC_WARN_UNINITIALIZED_AUTOS = YES_AGGRESSIVE;
				GCC_WARN_UNUSED_FUNCTION = YES;
				GCC_WARN_UNUSED_VARIABLE = YES;
				MTL_ENABLE_DEBUG_INFO = INCLUDE_SOURCE;
				MTL_FAST_MATH = YES;
				ONLY_ACTIVE_ARCH = YES;
				SWIFT_ACTIVE_COMPILATION_CONDITIONS = DEBUG;
				SWIFT_OPTIMIZATION_LEVEL = "-Onone";
			};
			name = Debug;
		};
		48C10FC02ABE92C9002392D0 /* Release */ = {
			isa = XCBuildConfiguration;
			buildSettings = {
				ALWAYS_SEARCH_USER_PATHS = NO;
				CLANG_ANALYZER_NONNULL = YES;
				CLANG_ANALYZER_NUMBER_OBJECT_CONVERSION = YES_AGGRESSIVE;
				CLANG_CXX_LANGUAGE_STANDARD = "gnu++20";
				CLANG_ENABLE_MODULES = YES;
				CLANG_ENABLE_OBJC_ARC = YES;
				CLANG_ENABLE_OBJC_WEAK = YES;
				CLANG_WARN_BLOCK_CAPTURE_AUTORELEASING = YES;
				CLANG_WARN_BOOL_CONVERSION = YES;
				CLANG_WARN_COMMA = YES;
				CLANG_WARN_CONSTANT_CONVERSION = YES;
				CLANG_WARN_DEPRECATED_OBJC_IMPLEMENTATIONS = YES;
				CLANG_WARN_DIRECT_OBJC_ISA_USAGE = YES_ERROR;
				CLANG_WARN_DOCUMENTATION_COMMENTS = YES;
				CLANG_WARN_EMPTY_BODY = YES;
				CLANG_WARN_ENUM_CONVERSION = YES;
				CLANG_WARN_INFINITE_RECURSION = YES;
				CLANG_WARN_INT_CONVERSION = YES;
				CLANG_WARN_NON_LITERAL_NULL_CONVERSION = YES;
				CLANG_WARN_OBJC_IMPLICIT_RETAIN_SELF = YES;
				CLANG_WARN_OBJC_LITERAL_CONVERSION = YES;
				CLANG_WARN_OBJC_ROOT_CLASS = YES_ERROR;
				CLANG_WARN_QUOTED_INCLUDE_IN_FRAMEWORK_HEADER = YES;
				CLANG_WARN_RANGE_LOOP_ANALYSIS = YES;
				CLANG_WARN_STRICT_PROTOTYPES = YES;
				CLANG_WARN_SUSPICIOUS_MOVE = YES;
				CLANG_WARN_UNGUARDED_AVAILABILITY = YES_AGGRESSIVE;
				CLANG_WARN_UNREACHABLE_CODE = YES;
				CLANG_WARN__DUPLICATE_METHOD_MATCH = YES;
				COPY_PHASE_STRIP = NO;
				DEBUG_INFORMATION_FORMAT = "dwarf-with-dsym";
				ENABLE_NS_ASSERTIONS = NO;
				ENABLE_STRICT_OBJC_MSGSEND = YES;
				GCC_C_LANGUAGE_STANDARD = gnu11;
				GCC_NO_COMMON_BLOCKS = YES;
				GCC_WARN_64_TO_32_BIT_CONVERSION = YES;
				GCC_WARN_ABOUT_RETURN_TYPE = YES_ERROR;
				GCC_WARN_UNDECLARED_SELECTOR = YES;
				GCC_WARN_UNINITIALIZED_AUTOS = YES_AGGRESSIVE;
				GCC_WARN_UNUSED_FUNCTION = YES;
				GCC_WARN_UNUSED_VARIABLE = YES;
				MTL_ENABLE_DEBUG_INFO = NO;
				MTL_FAST_MATH = YES;
				SWIFT_COMPILATION_MODE = wholemodule;
				SWIFT_OPTIMIZATION_LEVEL = "-O";
			};
			name = Release;
		};
		48C10FC22ABE92C9002392D0 /* Debug */ = {
			isa = XCBuildConfiguration;
			buildSettings = {
				ASSETCATALOG_COMPILER_APPICON_NAME = AppIcon;
				ASSETCATALOG_COMPILER_GLOBAL_ACCENT_COLOR_NAME = AccentColor;
				CODE_SIGN_ENTITLEMENTS = Shiyet/Shiyet.entitlements;
				CODE_SIGN_STYLE = Automatic;
				CURRENT_PROJECT_VERSION = 1;
				DEVELOPMENT_ASSET_PATHS = "\"Shiyet/Preview Content\"";
				ENABLE_PREVIEWS = YES;
				GENERATE_INFOPLIST_FILE = YES;
				"INFOPLIST_KEY_UIApplicationSceneManifest_Generation[sdk=iphoneos*]" = YES;
				"INFOPLIST_KEY_UIApplicationSceneManifest_Generation[sdk=iphonesimulator*]" = YES;
				"INFOPLIST_KEY_UIApplicationSupportsIndirectInputEvents[sdk=iphoneos*]" = YES;
				"INFOPLIST_KEY_UIApplicationSupportsIndirectInputEvents[sdk=iphonesimulator*]" = YES;
				"INFOPLIST_KEY_UILaunchScreen_Generation[sdk=iphoneos*]" = YES;
				"INFOPLIST_KEY_UILaunchScreen_Generation[sdk=iphonesimulator*]" = YES;
				"INFOPLIST_KEY_UIStatusBarStyle[sdk=iphoneos*]" = UIStatusBarStyleDefault;
				"INFOPLIST_KEY_UIStatusBarStyle[sdk=iphonesimulator*]" = UIStatusBarStyleDefault;
				INFOPLIST_KEY_UISupportedInterfaceOrientations_iPad = "UIInterfaceOrientationPortrait UIInterfaceOrientationPortraitUpsideDown UIInterfaceOrientationLandscapeLeft UIInterfaceOrientationLandscapeRight";
				INFOPLIST_KEY_UISupportedInterfaceOrientations_iPhone = "UIInterfaceOrientationPortrait UIInterfaceOrientationLandscapeLeft UIInterfaceOrientationLandscapeRight";
				IPHONEOS_DEPLOYMENT_TARGET = 16.4;
				LD_RUNPATH_SEARCH_PATHS = "@executable_path/Frameworks";
				"LD_RUNPATH_SEARCH_PATHS[sdk=macosx*]" = "@executable_path/../Frameworks";
				MACOSX_DEPLOYMENT_TARGET = 13.3;
				MARKETING_VERSION = 1.0;
				PRODUCT_BUNDLE_IDENTIFIER = com.JackyJiangPers.Shiyet;
				PRODUCT_NAME = "$(TARGET_NAME)";
				SDKROOT = auto;
				SUPPORTED_PLATFORMS = "iphoneos iphonesimulator macosx";
				SWIFT_EMIT_LOC_STRINGS = YES;
				SWIFT_VERSION = 5.0;
				TARGETED_DEVICE_FAMILY = "1,2";
			};
			name = Debug;
		};
		48C10FC32ABE92C9002392D0 /* Release */ = {
			isa = XCBuildConfiguration;
			buildSettings = {
				ASSETCATALOG_COMPILER_APPICON_NAME = AppIcon;
				ASSETCATALOG_COMPILER_GLOBAL_ACCENT_COLOR_NAME = AccentColor;
				CODE_SIGN_ENTITLEMENTS = Shiyet/Shiyet.entitlements;
				CODE_SIGN_STYLE = Automatic;
				CURRENT_PROJECT_VERSION = 1;
				DEVELOPMENT_ASSET_PATHS = "\"Shiyet/Preview Content\"";
				ENABLE_PREVIEWS = YES;
				GENERATE_INFOPLIST_FILE = YES;
				"INFOPLIST_KEY_UIApplicationSceneManifest_Generation[sdk=iphoneos*]" = YES;
				"INFOPLIST_KEY_UIApplicationSceneManifest_Generation[sdk=iphonesimulator*]" = YES;
				"INFOPLIST_KEY_UIApplicationSupportsIndirectInputEvents[sdk=iphoneos*]" = YES;
				"INFOPLIST_KEY_UIApplicationSupportsIndirectInputEvents[sdk=iphonesimulator*]" = YES;
				"INFOPLIST_KEY_UILaunchScreen_Generation[sdk=iphoneos*]" = YES;
				"INFOPLIST_KEY_UILaunchScreen_Generation[sdk=iphonesimulator*]" = YES;
				"INFOPLIST_KEY_UIStatusBarStyle[sdk=iphoneos*]" = UIStatusBarStyleDefault;
				"INFOPLIST_KEY_UIStatusBarStyle[sdk=iphonesimulator*]" = UIStatusBarStyleDefault;
				INFOPLIST_KEY_UISupportedInterfaceOrientations_iPad = "UIInterfaceOrientationPortrait UIInterfaceOrientationPortraitUpsideDown UIInterfaceOrientationLandscapeLeft UIInterfaceOrientationLandscapeRight";
				INFOPLIST_KEY_UISupportedInterfaceOrientations_iPhone = "UIInterfaceOrientationPortrait UIInterfaceOrientationLandscapeLeft UIInterfaceOrientationLandscapeRight";
				IPHONEOS_DEPLOYMENT_TARGET = 16.4;
				LD_RUNPATH_SEARCH_PATHS = "@executable_path/Frameworks";
				"LD_RUNPATH_SEARCH_PATHS[sdk=macosx*]" = "@executable_path/../Frameworks";
				MACOSX_DEPLOYMENT_TARGET = 13.3;
				MARKETING_VERSION = 1.0;
				PRODUCT_BUNDLE_IDENTIFIER = com.JackyJiangPers.Shiyet;
				PRODUCT_NAME = "$(TARGET_NAME)";
				SDKROOT = auto;
				SUPPORTED_PLATFORMS = "iphoneos iphonesimulator macosx";
				SWIFT_EMIT_LOC_STRINGS = YES;
				SWIFT_VERSION = 5.0;
				TARGETED_DEVICE_FAMILY = "1,2";
			};
			name = Release;
		};
		48C10FC52ABE92C9002392D0 /* Debug */ = {
			isa = XCBuildConfiguration;
			buildSettings = {
				ALWAYS_EMBED_SWIFT_STANDARD_LIBRARIES = YES;
				BUNDLE_LOADER = "$(TEST_HOST)";
				CODE_SIGN_STYLE = Automatic;
				CURRENT_PROJECT_VERSION = 1;
				GENERATE_INFOPLIST_FILE = YES;
				IPHONEOS_DEPLOYMENT_TARGET = 16.4;
				MACOSX_DEPLOYMENT_TARGET = 13.3;
				MARKETING_VERSION = 1.0;
				PRODUCT_BUNDLE_IDENTIFIER = com.JackyJiangPers.ShiyetTests;
				PRODUCT_NAME = "$(TARGET_NAME)";
				SDKROOT = auto;
				SUPPORTED_PLATFORMS = "iphoneos iphonesimulator macosx";
				SWIFT_EMIT_LOC_STRINGS = NO;
				SWIFT_VERSION = 5.0;
				TARGETED_DEVICE_FAMILY = "1,2";
				TEST_HOST = "$(BUILT_PRODUCTS_DIR)/Shiyet.app/$(BUNDLE_EXECUTABLE_FOLDER_PATH)/Shiyet";
			};
			name = Debug;
		};
		48C10FC62ABE92C9002392D0 /* Release */ = {
			isa = XCBuildConfiguration;
			buildSettings = {
				ALWAYS_EMBED_SWIFT_STANDARD_LIBRARIES = YES;
				BUNDLE_LOADER = "$(TEST_HOST)";
				CODE_SIGN_STYLE = Automatic;
				CURRENT_PROJECT_VERSION = 1;
				GENERATE_INFOPLIST_FILE = YES;
				IPHONEOS_DEPLOYMENT_TARGET = 16.4;
				MACOSX_DEPLOYMENT_TARGET = 13.3;
				MARKETING_VERSION = 1.0;
				PRODUCT_BUNDLE_IDENTIFIER = com.JackyJiangPers.ShiyetTests;
				PRODUCT_NAME = "$(TARGET_NAME)";
				SDKROOT = auto;
				SUPPORTED_PLATFORMS = "iphoneos iphonesimulator macosx";
				SWIFT_EMIT_LOC_STRINGS = NO;
				SWIFT_VERSION = 5.0;
				TARGETED_DEVICE_FAMILY = "1,2";
				TEST_HOST = "$(BUILT_PRODUCTS_DIR)/Shiyet.app/$(BUNDLE_EXECUTABLE_FOLDER_PATH)/Shiyet";
			};
			name = Release;
		};
		48C10FC82ABE92C9002392D0 /* Debug */ = {
			isa = XCBuildConfiguration;
			buildSettings = {
				ALWAYS_EMBED_SWIFT_STANDARD_LIBRARIES = YES;
				CODE_SIGN_STYLE = Automatic;
				CURRENT_PROJECT_VERSION = 1;
				GENERATE_INFOPLIST_FILE = YES;
				IPHONEOS_DEPLOYMENT_TARGET = 16.4;
				MACOSX_DEPLOYMENT_TARGET = 13.3;
				MARKETING_VERSION = 1.0;
				PRODUCT_BUNDLE_IDENTIFIER = com.JackyJiangPers.ShiyetUITests;
				PRODUCT_NAME = "$(TARGET_NAME)";
				SDKROOT = auto;
				SUPPORTED_PLATFORMS = "iphoneos iphonesimulator macosx";
				SWIFT_EMIT_LOC_STRINGS = NO;
				SWIFT_VERSION = 5.0;
				TARGETED_DEVICE_FAMILY = "1,2";
				TEST_TARGET_NAME = Shiyet;
			};
			name = Debug;
		};
		48C10FC92ABE92C9002392D0 /* Release */ = {
			isa = XCBuildConfiguration;
			buildSettings = {
				ALWAYS_EMBED_SWIFT_STANDARD_LIBRARIES = YES;
				CODE_SIGN_STYLE = Automatic;
				CURRENT_PROJECT_VERSION = 1;
				GENERATE_INFOPLIST_FILE = YES;
				IPHONEOS_DEPLOYMENT_TARGET = 16.4;
				MACOSX_DEPLOYMENT_TARGET = 13.3;
				MARKETING_VERSION = 1.0;
				PRODUCT_BUNDLE_IDENTIFIER = com.JackyJiangPers.ShiyetUITests;
				PRODUCT_NAME = "$(TARGET_NAME)";
				SDKROOT = auto;
				SUPPORTED_PLATFORMS = "iphoneos iphonesimulator macosx";
				SWIFT_EMIT_LOC_STRINGS = NO;
				SWIFT_VERSION = 5.0;
				TARGETED_DEVICE_FAMILY = "1,2";
				TEST_TARGET_NAME = Shiyet;
			};
			name = Release;
		};
/* End XCBuildConfiguration section */

/* Begin XCConfigurationList section */
		48C10F972ABE92C8002392D0 /* Build configuration list for PBXProject "Shiyet" */ = {
			isa = XCConfigurationList;
			buildConfigurations = (
				48C10FBF2ABE92C9002392D0 /* Debug */,
				48C10FC02ABE92C9002392D0 /* Release */,
			);
			defaultConfigurationIsVisible = 0;
			defaultConfigurationName = Release;
		};
		48C10FC12ABE92C9002392D0 /* Build configuration list for PBXNativeTarget "Shiyet" */ = {
			isa = XCConfigurationList;
			buildConfigurations = (
				48C10FC22ABE92C9002392D0 /* Debug */,
				48C10FC32ABE92C9002392D0 /* Release */,
			);
			defaultConfigurationIsVisible = 0;
			defaultConfigurationName = Release;
		};
		48C10FC42ABE92C9002392D0 /* Build configuration list for PBXNativeTarget "ShiyetTests" */ = {
			isa = XCConfigurationList;
			buildConfigurations = (
				48C10FC52ABE92C9002392D0 /* Debug */,
				48C10FC62ABE92C9002392D0 /* Release */,
			);
			defaultConfigurationIsVisible = 0;
			defaultConfigurationName = Release;
		};
		48C10FC72ABE92C9002392D0 /* Build configuration list for PBXNativeTarget "ShiyetUITests" */ = {
			isa = XCConfigurationList;
			buildConfigurations = (
				48C10FC82ABE92C9002392D0 /* Debug */,
				48C10FC92ABE92C9002392D0 /* Release */,
			);
			defaultConfigurationIsVisible = 0;
			defaultConfigurationName = Release;
		};
/* End XCConfigurationList section */
	};
	rootObject = 48C10F942ABE92C8002392D0 /* Project object */;
}
